
Microsoft Visual Studio Solution File, Format Version 12.00
# Visual Studio Version 17
VisualStudioVersion = 17.7.34302.85
MinimumVisualStudioVersion = 10.0.40219.1
Project("{FAE04EC0-301F-11D3-BF4B-00C04F79EFBC}") = "Assignment_2", "Assignment_2\Assignment_2.csproj", "{A2D8C5F1-822B-47D3-B087-0FA7F1F023A9}"
EndProject
Global
	GlobalSection(SolutionConfigurationPlatforms) = preSolution
		Debug|Any CPU = Debug|Any CPU
		Release|Any CPU = Release|Any CPU
	EndGlobalSection
	GlobalSection(ProjectConfigurationPlatforms) = postSolution
		{A2D8C5F1-822B-47D3-B087-0FA7F1F023A9}.Debug|Any CPU.ActiveCfg = Debug|Any CPU
		{A2D8C5F1-822B-47D3-B087-0FA7F1F023A9}.Debug|Any CPU.Build.0 = Debug|Any CPU
		{A2D8C5F1-822B-47D3-B087-0FA7F1F023A9}.Release|Any CPU.ActiveCfg = Release|Any CPU
		{A2D8C5F1-822B-47D3-B087-0FA7F1F023A9}.Release|Any CPU.Build.0 = Release|Any CPU
	EndGlobalSection
	GlobalSection(SolutionProperties) = preSolution
		HideSolutionNode = FALSE
	EndGlobalSection
	GlobalSection(ExtensibilityGlobals) = postSolution
		SolutionGuid = {62377333-2B34-459C-A420-BB9A5E8923DB}
	EndGlobalSection
EndGlobal
